
Microsoft Visual Studio Solution File, Format Version 12.00
# Visual Studio 14
VisualStudioVersion = 14.0.25420.1
MinimumVisualStudioVersion = 10.0.40219.1
Project("{FAE04EC0-301F-11D3-BF4B-00C04F79EFBC}") = "AR_ApartmentBase", "AR_ApartmentsBase\AR_ApartmentBase.csproj", "{D20EAE72-C053-4C2C-877F-53F3F53FD1F8}"
EndProject
Project("{FAE04EC0-301F-11D3-BF4B-00C04F79EFBC}") = "Tests_ApartmentBase", "Tests_ApartmentBase\Tests_ApartmentBase.csproj", "{D6732AB7-B322-49A5-B9EB-00492B41E832}"
EndProject
Project("{FAE04EC0-301F-11D3-BF4B-00C04F79EFBC}") = "AR_ApartmentBase_AutoCAD", "AR_ApartmentBase_AutoCAD\AR_ApartmentBase_AutoCAD.csproj", "{1084DDB7-2867-4215-B9EE-6B36C9E370EE}"
EndProject
Global
	GlobalSection(SolutionConfigurationPlatforms) = preSolution
		Debug|Any CPU = Debug|Any CPU
		Release|Any CPU = Release|Any CPU
	EndGlobalSection
	GlobalSection(ProjectConfigurationPlatforms) = postSolution
		{D20EAE72-C053-4C2C-877F-53F3F53FD1F8}.Debug|Any CPU.ActiveCfg = Debug|Any CPU
		{D20EAE72-C053-4C2C-877F-53F3F53FD1F8}.Debug|Any CPU.Build.0 = Debug|Any CPU
		{D20EAE72-C053-4C2C-877F-53F3F53FD1F8}.Release|Any CPU.ActiveCfg = Release|Any CPU
		{D20EAE72-C053-4C2C-877F-53F3F53FD1F8}.Release|Any CPU.Build.0 = Release|Any CPU
		{D6732AB7-B322-49A5-B9EB-00492B41E832}.Debug|Any CPU.ActiveCfg = Debug|Any CPU
		{D6732AB7-B322-49A5-B9EB-00492B41E832}.Debug|Any CPU.Build.0 = Debug|Any CPU
		{D6732AB7-B322-49A5-B9EB-00492B41E832}.Release|Any CPU.ActiveCfg = Release|Any CPU
		{D6732AB7-B322-49A5-B9EB-00492B41E832}.Release|Any CPU.Build.0 = Release|Any CPU
		{1084DDB7-2867-4215-B9EE-6B36C9E370EE}.Debug|Any CPU.ActiveCfg = Debug|Any CPU
		{1084DDB7-2867-4215-B9EE-6B36C9E370EE}.Debug|Any CPU.Build.0 = Debug|Any CPU
		{1084DDB7-2867-4215-B9EE-6B36C9E370EE}.Release|Any CPU.ActiveCfg = Release|Any CPU
		{1084DDB7-2867-4215-B9EE-6B36C9E370EE}.Release|Any CPU.Build.0 = Release|Any CPU
	EndGlobalSection
	GlobalSection(SolutionProperties) = preSolution
		HideSolutionNode = FALSE
	EndGlobalSection
EndGlobal
